{
  "name": "alecdown",
  "version": "1.0.0",
  "lockfileVersion": 1,
  "requires": true,
  "dependencies": {
    "rellax": {
      "version": "1.12.1",
      "resolved": "https://registry.npmjs.org/rellax/-/rellax-1.12.1.tgz",
      "integrity": "sha512-XBIi0CDpW5FLTujYjYBn1CIbK2CJL6TsAg/w409KghP2LucjjzBjsujXDAjyBLWgsfupfUcL5WzdnIPcGfK7XA=="
    },
    "typeit": {
      "version": "7.0.3",
      "resolved": "https://registry.npmjs.org/typeit/-/typeit-7.0.3.tgz",
      "integrity": "sha512-zsF6ipRyhvs7Wyoi/PPA+JycaxIVL7By3wLkEpNbnyVBJPwrow+S8Mx+U63DBaxHy3J6vdq5EUczpT5MQMh54w=="
    }
  }
}
